// !$*UTF8*$!
{
	archiveVersion = 1;
	classes = {
	};
	objectVersion = 56;
	objects = {

/* Begin PBXBuildFile section */
		376C038D2C454DA10031FBE5 /* Device.swift in Sources */ = {isa = PBXBuildFile; fileRef = 376C038C2C454DA10031FBE5 /* Device.swift */; };
		376C03942C4578F40031FBE5 /* Network.swift in Sources */ = {isa = PBXBuildFile; fileRef = 376C03932C4578F40031FBE5 /* Network.swift */; };
		376C03962C4579150031FBE5 /* String.swift in Sources */ = {isa = PBXBuildFile; fileRef = 376C03952C4579150031FBE5 /* String.swift */; };
		37A40BEF2C49522E003E76E3 /* ParameterSection.swift in Sources */ = {isa = PBXBuildFile; fileRef = 37A40BEE2C49522E003E76E3 /* ParameterSection.swift */; };
		37A40BF12C4D748F003E76E3 /* SwiftyPing.swift in Sources */ = {isa = PBXBuildFile; fileRef = 37A40BF02C4D748F003E76E3 /* SwiftyPing.swift */; };
		37A40BF32C4D7FBC003E76E3 /* Double.swift in Sources */ = {isa = PBXBuildFile; fileRef = 37A40BF22C4D7FBC003E76E3 /* Double.swift */; };
		37A40BF52C4EAB1B003E76E3 /* AddTextField.swift in Sources */ = {isa = PBXBuildFile; fileRef = 37A40BF42C4EAB1B003E76E3 /* AddTextField.swift */; };
		37A40C172C5BB3CE003E76E3 /* Bundle.swift in Sources */ = {isa = PBXBuildFile; fileRef = 37A40C162C5BB3CE003E76E3 /* Bundle.swift */; };
		37A40C192C6126DF003E76E3 /* AppInfoView.swift in Sources */ = {isa = PBXBuildFile; fileRef = 37A40C182C6126DF003E76E3 /* AppInfoView.swift */; };
		37A40C1B2C6240F7003E76E3 /* BubbleButton.swift in Sources */ = {isa = PBXBuildFile; fileRef = 37A40C1A2C6240F7003E76E3 /* BubbleButton.swift */; };
		37A40C1E2C637DDA003E76E3 /* Buttonifier.swift in Sources */ = {isa = PBXBuildFile; fileRef = 37A40C1D2C637DDA003E76E3 /* Buttonifier.swift */; };
		37A40C202C637E43003E76E3 /* View.swift in Sources */ = {isa = PBXBuildFile; fileRef = 37A40C1F2C637E43003E76E3 /* View.swift */; };
		37A40C222C63AE39003E76E3 /* MenuTransition.swift in Sources */ = {isa = PBXBuildFile; fileRef = 37A40C212C63AE39003E76E3 /* MenuTransition.swift */; };
		37D874C52C494734008D7805 /* AddDeviceView.swift in Sources */ = {isa = PBXBuildFile; fileRef = 37D874C42C494734008D7805 /* AddDeviceView.swift */; };
		7D04290E2AAA1FB400C9048C /* Anywakey_App.swift in Sources */ = {isa = PBXBuildFile; fileRef = 7D04290D2AAA1FB400C9048C /* Anywakey_App.swift */; };
		7D0429152AAA1FB400C9048C /* Preview Assets.xcassets in Resources */ = {isa = PBXBuildFile; fileRef = 7D0429142AAA1FB400C9048C /* Preview Assets.xcassets */; };
		7D04291D2AAA212800C9048C /* HomeView.swift in Sources */ = {isa = PBXBuildFile; fileRef = 7D04291C2AAA212800C9048C /* HomeView.swift */; };
		7D0429212AAA219B00C9048C /* WakeUpButton.swift in Sources */ = {isa = PBXBuildFile; fileRef = 7D0429202AAA219B00C9048C /* WakeUpButton.swift */; };
		7D0429232AAA21AF00C9048C /* DeviceDataService.swift in Sources */ = {isa = PBXBuildFile; fileRef = 7D0429222AAA21AF00C9048C /* DeviceDataService.swift */; };
		7D0429252AAA21E100C9048C /* WakeOnLan.swift in Sources */ = {isa = PBXBuildFile; fileRef = 7D0429242AAA21E100C9048C /* WakeOnLan.swift */; };
		7D2FFC672AAD0A6900FFF97E /* Assets.xcassets in Resources */ = {isa = PBXBuildFile; fileRef = 7D2FFC662AAD0A6900FFF97E /* Assets.xcassets */; };
		7D8B56EE2AAAA7980098467F /* BlurredEffect.swift in Sources */ = {isa = PBXBuildFile; fileRef = 7D8B56ED2AAAA7980098467F /* BlurredEffect.swift */; };
/* End PBXBuildFile section */

/* Begin PBXFileReference section */
		376C038C2C454DA10031FBE5 /* Device.swift */ = {isa = PBXFileReference; lastKnownFileType = sourcecode.swift; path = Device.swift; sourceTree = "<group>"; };
		376C03932C4578F40031FBE5 /* Network.swift */ = {isa = PBXFileReference; lastKnownFileType = sourcecode.swift; path = Network.swift; sourceTree = "<group>"; };
		376C03952C4579150031FBE5 /* String.swift */ = {isa = PBXFileReference; lastKnownFileType = sourcecode.swift; path = String.swift; sourceTree = "<group>"; };
		37A40BEE2C49522E003E76E3 /* ParameterSection.swift */ = {isa = PBXFileReference; lastKnownFileType = sourcecode.swift; path = ParameterSection.swift; sourceTree = "<group>"; };
		37A40BF02C4D748F003E76E3 /* SwiftyPing.swift */ = {isa = PBXFileReference; lastKnownFileType = sourcecode.swift; path = SwiftyPing.swift; sourceTree = "<group>"; };
		37A40BF22C4D7FBC003E76E3 /* Double.swift */ = {isa = PBXFileReference; lastKnownFileType = sourcecode.swift; path = Double.swift; sourceTree = "<group>"; };
		37A40BF42C4EAB1B003E76E3 /* AddTextField.swift */ = {isa = PBXFileReference; lastKnownFileType = sourcecode.swift; path = AddTextField.swift; sourceTree = "<group>"; };
		37A40C162C5BB3CE003E76E3 /* Bundle.swift */ = {isa = PBXFileReference; lastKnownFileType = sourcecode.swift; path = Bundle.swift; sourceTree = "<group>"; };
		37A40C182C6126DF003E76E3 /* AppInfoView.swift */ = {isa = PBXFileReference; lastKnownFileType = sourcecode.swift; path = AppInfoView.swift; sourceTree = "<group>"; };
		37A40C1A2C6240F7003E76E3 /* BubbleButton.swift */ = {isa = PBXFileReference; lastKnownFileType = sourcecode.swift; path = BubbleButton.swift; sourceTree = "<group>"; };
		37A40C1D2C637DDA003E76E3 /* Buttonifier.swift */ = {isa = PBXFileReference; lastKnownFileType = sourcecode.swift; path = Buttonifier.swift; sourceTree = "<group>"; };
		37A40C1F2C637E43003E76E3 /* View.swift */ = {isa = PBXFileReference; lastKnownFileType = sourcecode.swift; path = View.swift; sourceTree = "<group>"; };
		37A40C212C63AE39003E76E3 /* MenuTransition.swift */ = {isa = PBXFileReference; lastKnownFileType = sourcecode.swift; path = MenuTransition.swift; sourceTree = "<group>"; };
		37D874C42C494734008D7805 /* AddDeviceView.swift */ = {isa = PBXFileReference; lastKnownFileType = sourcecode.swift; path = AddDeviceView.swift; sourceTree = "<group>"; };
		7D04290A2AAA1FB400C9048C /* Anywakey.app */ = {isa = PBXFileReference; explicitFileType = wrapper.application; includeInIndex = 0; path = Anywakey.app; sourceTree = BUILT_PRODUCTS_DIR; };
		7D04290D2AAA1FB400C9048C /* Anywakey_App.swift */ = {isa = PBXFileReference; lastKnownFileType = sourcecode.swift; path = Anywakey_App.swift; sourceTree = "<group>"; };
		7D0429142AAA1FB400C9048C /* Preview Assets.xcassets */ = {isa = PBXFileReference; lastKnownFileType = folder.assetcatalog; path = "Preview Assets.xcassets"; sourceTree = "<group>"; };
		7D0429162AAA1FB400C9048C /* Anywakey_MacOS.entitlements */ = {isa = PBXFileReference; lastKnownFileType = text.plist.entitlements; path = Anywakey_MacOS.entitlements; sourceTree = "<group>"; };
		7D04291C2AAA212800C9048C /* HomeView.swift */ = {isa = PBXFileReference; lastKnownFileType = sourcecode.swift; path = HomeView.swift; sourceTree = "<group>"; };
		7D0429202AAA219B00C9048C /* WakeUpButton.swift */ = {isa = PBXFileReference; lastKnownFileType = sourcecode.swift; path = WakeUpButton.swift; sourceTree = "<group>"; };
		7D0429222AAA21AF00C9048C /* DeviceDataService.swift */ = {isa = PBXFileReference; lastKnownFileType = sourcecode.swift; path = DeviceDataService.swift; sourceTree = "<group>"; };
		7D0429242AAA21E100C9048C /* WakeOnLan.swift */ = {isa = PBXFileReference; lastKnownFileType = sourcecode.swift; path = WakeOnLan.swift; sourceTree = "<group>"; };
		7D2FFC662AAD0A6900FFF97E /* Assets.xcassets */ = {isa = PBXFileReference; lastKnownFileType = folder.assetcatalog; path = Assets.xcassets; sourceTree = "<group>"; };
		7D8B56ED2AAAA7980098467F /* BlurredEffect.swift */ = {isa = PBXFileReference; lastKnownFileType = sourcecode.swift; path = BlurredEffect.swift; sourceTree = "<group>"; };
/* End PBXFileReference section */

/* Begin PBXFrameworksBuildPhase section */
		7D0429072AAA1FB400C9048C /* Frameworks */ = {
			isa = PBXFrameworksBuildPhase;
			buildActionMask = 2147483647;
			files = (
			);
			runOnlyForDeploymentPostprocessing = 0;
		};
/* End PBXFrameworksBuildPhase section */

/* Begin PBXGroup section */
		376C038E2C454DA90031FBE5 /* Models */ = {
			isa = PBXGroup;
			children = (
				376C038C2C454DA10031FBE5 /* Device.swift */,
			);
			path = Models;
			sourceTree = "<group>";
		};
		376C038F2C454E6A0031FBE5 /* Home */ = {
			isa = PBXGroup;
			children = (
				37A40BF62C528E81003E76E3 /* HomeView */,
				37A40BEC2C4951CA003E76E3 /* AddDevice */,
			);
			path = Home;
			sourceTree = "<group>";
		};
		376C03902C454E710031FBE5 /* Core */ = {
			isa = PBXGroup;
			children = (
				37A40C182C6126DF003E76E3 /* AppInfoView.swift */,
				376C038F2C454E6A0031FBE5 /* Home */,
				7D2FFC992AAFD0E800FFF97E /* Components */,
			);
			path = Core;
			sourceTree = "<group>";
		};
		376C03912C454E970031FBE5 /* Services */ = {
			isa = PBXGroup;
			children = (
				7D0429222AAA21AF00C9048C /* DeviceDataService.swift */,
				376C03922C454EBA0031FBE5 /* Network */,
			);
			path = Services;
			sourceTree = "<group>";
		};
		376C03922C454EBA0031FBE5 /* Network */ = {
			isa = PBXGroup;
			children = (
				376C03932C4578F40031FBE5 /* Network.swift */,
				7D0429242AAA21E100C9048C /* WakeOnLan.swift */,
				37A40BF02C4D748F003E76E3 /* SwiftyPing.swift */,
			);
			path = Network;
			sourceTree = "<group>";
		};
		37A40BEC2C4951CA003E76E3 /* AddDevice */ = {
			isa = PBXGroup;
			children = (
				37D874C42C494734008D7805 /* AddDeviceView.swift */,
				37A40BF42C4EAB1B003E76E3 /* AddTextField.swift */,
			);
			name = AddDevice;
			sourceTree = "<group>";
		};
		37A40BF62C528E81003E76E3 /* HomeView */ = {
			isa = PBXGroup;
			children = (
				7D04291C2AAA212800C9048C /* HomeView.swift */,
				7D0429202AAA219B00C9048C /* WakeUpButton.swift */,
				37A40BEE2C49522E003E76E3 /* ParameterSection.swift */,
			);
			name = HomeView;
			sourceTree = "<group>";
		};
		37A40C1C2C637DAD003E76E3 /* Modifiers */ = {
			isa = PBXGroup;
			children = (
				37A40C1D2C637DDA003E76E3 /* Buttonifier.swift */,
				37A40C212C63AE39003E76E3 /* MenuTransition.swift */,
			);
			path = Modifiers;
			sourceTree = "<group>";
		};
		7D0429012AAA1FB300C9048C = {
			isa = PBXGroup;
			children = (
				7D04290C2AAA1FB400C9048C /* Anywakey_MacOS */,
				7D04290B2AAA1FB400C9048C /* Products */,
			);
			sourceTree = "<group>";
		};
		7D04290B2AAA1FB400C9048C /* Products */ = {
			isa = PBXGroup;
			children = (
				7D04290A2AAA1FB400C9048C /* Anywakey.app */,
			);
			name = Products;
			sourceTree = "<group>";
		};
		7D04290C2AAA1FB400C9048C /* Anywakey_MacOS */ = {
			isa = PBXGroup;
			children = (
				7D04290D2AAA1FB400C9048C /* Anywakey_App.swift */,
				376C03902C454E710031FBE5 /* Core */,
				376C03912C454E970031FBE5 /* Services */,
				376C038E2C454DA90031FBE5 /* Models */,
				7D2FFC6E2AAD2E1800FFF97E /* Extensions */,
				37A40C1C2C637DAD003E76E3 /* Modifiers */,
				7D0429162AAA1FB400C9048C /* Anywakey_MacOS.entitlements */,
				7D2FFC662AAD0A6900FFF97E /* Assets.xcassets */,
				7D0429132AAA1FB400C9048C /* Preview Content */,
			);
			path = Anywakey_MacOS;
			sourceTree = "<group>";
		};
		7D0429132AAA1FB400C9048C /* Preview Content */ = {
			isa = PBXGroup;
			children = (
				7D0429142AAA1FB400C9048C /* Preview Assets.xcassets */,
			);
			path = "Preview Content";
			sourceTree = "<group>";
		};
		7D2FFC6E2AAD2E1800FFF97E /* Extensions */ = {
			isa = PBXGroup;
			children = (
				376C03952C4579150031FBE5 /* String.swift */,
				37A40BF22C4D7FBC003E76E3 /* Double.swift */,
				37A40C162C5BB3CE003E76E3 /* Bundle.swift */,
				37A40C1F2C637E43003E76E3 /* View.swift */,
			);
			path = Extensions;
			sourceTree = "<group>";
		};
		7D2FFC992AAFD0E800FFF97E /* Components */ = {
			isa = PBXGroup;
			children = (
				7D8B56ED2AAAA7980098467F /* BlurredEffect.swift */,
				37A40C1A2C6240F7003E76E3 /* BubbleButton.swift */,
			);
			path = Components;
			sourceTree = "<group>";
		};
/* End PBXGroup section */

/* Begin PBXNativeTarget section */
		7D0429092AAA1FB400C9048C /* Anywakey_MacOS */ = {
			isa = PBXNativeTarget;
			buildConfigurationList = 7D0429192AAA1FB400C9048C /* Build configuration list for PBXNativeTarget "Anywakey_MacOS" */;
			buildPhases = (
				7D0429062AAA1FB400C9048C /* Sources */,
				7D0429072AAA1FB400C9048C /* Frameworks */,
				7D0429082AAA1FB400C9048C /* Resources */,
			);
			buildRules = (
			);
			dependencies = (
			);
			name = Anywakey_MacOS;
			packageProductDependencies = (
			);
			productName = LANWakeUp;
			productReference = 7D04290A2AAA1FB400C9048C /* Anywakey.app */;
			productType = "com.apple.product-type.application";
		};
/* End PBXNativeTarget section */

/* Begin PBXProject section */
		7D0429022AAA1FB300C9048C /* Project object */ = {
			isa = PBXProject;
			attributes = {
				BuildIndependentTargetsInParallel = 1;
				LastSwiftUpdateCheck = 1430;
				LastUpgradeCheck = 1540;
				TargetAttributes = {
					7D0429092AAA1FB400C9048C = {
						CreatedOnToolsVersion = 14.3.1;
					};
				};
			};
			buildConfigurationList = 7D0429052AAA1FB400C9048C /* Build configuration list for PBXProject "Anywakey_MacOS" */;
			compatibilityVersion = "Xcode 14.0";
			developmentRegion = en;
			hasScannedForEncodings = 0;
			knownRegions = (
				en,
				Base,
			);
			mainGroup = 7D0429012AAA1FB300C9048C;
			packageReferences = (
			);
			productRefGroup = 7D04290B2AAA1FB400C9048C /* Products */;
			projectDirPath = "";
			projectRoot = "";
			targets = (
				7D0429092AAA1FB400C9048C /* Anywakey_MacOS */,
			);
		};
/* End PBXProject section */

/* Begin PBXResourcesBuildPhase section */
		7D0429082AAA1FB400C9048C /* Resources */ = {
			isa = PBXResourcesBuildPhase;
			buildActionMask = 2147483647;
			files = (
				7D2FFC672AAD0A6900FFF97E /* Assets.xcassets in Resources */,
				7D0429152AAA1FB400C9048C /* Preview Assets.xcassets in Resources */,
			);
			runOnlyForDeploymentPostprocessing = 0;
		};
/* End PBXResourcesBuildPhase section */

/* Begin PBXSourcesBuildPhase section */
		7D0429062AAA1FB400C9048C /* Sources */ = {
			isa = PBXSourcesBuildPhase;
			buildActionMask = 2147483647;
			files = (
				376C038D2C454DA10031FBE5 /* Device.swift in Sources */,
				37A40C1B2C6240F7003E76E3 /* BubbleButton.swift in Sources */,
				7D04290E2AAA1FB400C9048C /* Anywakey_App.swift in Sources */,
				7D04291D2AAA212800C9048C /* HomeView.swift in Sources */,
				37A40BF12C4D748F003E76E3 /* SwiftyPing.swift in Sources */,
				37A40C192C6126DF003E76E3 /* AppInfoView.swift in Sources */,
				37A40C202C637E43003E76E3 /* View.swift in Sources */,
				37A40BF32C4D7FBC003E76E3 /* Double.swift in Sources */,
				37A40C1E2C637DDA003E76E3 /* Buttonifier.swift in Sources */,
				7D0429232AAA21AF00C9048C /* DeviceDataService.swift in Sources */,
				37A40BEF2C49522E003E76E3 /* ParameterSection.swift in Sources */,
				7D8B56EE2AAAA7980098467F /* BlurredEffect.swift in Sources */,
				37D874C52C494734008D7805 /* AddDeviceView.swift in Sources */,
				37A40BF52C4EAB1B003E76E3 /* AddTextField.swift in Sources */,
				7D0429212AAA219B00C9048C /* WakeUpButton.swift in Sources */,
				7D0429252AAA21E100C9048C /* WakeOnLan.swift in Sources */,
				376C03962C4579150031FBE5 /* String.swift in Sources */,
				37A40C172C5BB3CE003E76E3 /* Bundle.swift in Sources */,
				376C03942C4578F40031FBE5 /* Network.swift in Sources */,
				37A40C222C63AE39003E76E3 /* MenuTransition.swift in Sources */,
			);
			runOnlyForDeploymentPostprocessing = 0;
		};
/* End PBXSourcesBuildPhase section */

/* Begin XCBuildConfiguration section */
		7D0429172AAA1FB400C9048C /* Debug */ = {
			isa = XCBuildConfiguration;
			buildSettings = {
				ALWAYS_SEARCH_USER_PATHS = NO;
				ASSETCATALOG_COMPILER_GENERATE_SWIFT_ASSET_SYMBOL_EXTENSIONS = YES;
				CLANG_ANALYZER_NONNULL = YES;
				CLANG_ANALYZER_NUMBER_OBJECT_CONVERSION = YES_AGGRESSIVE;
				CLANG_CXX_LANGUAGE_STANDARD = "gnu++20";
				CLANG_ENABLE_MODULES = YES;
				CLANG_ENABLE_OBJC_ARC = YES;
				CLANG_ENABLE_OBJC_WEAK = YES;
				CLANG_WARN_BLOCK_CAPTURE_AUTORELEASING = YES;
				CLANG_WARN_BOOL_CONVERSION = YES;
				CLANG_WARN_COMMA = YES;
				CLANG_WARN_CONSTANT_CONVERSION = YES;
				CLANG_WARN_DEPRECATED_OBJC_IMPLEMENTATIONS = YES;
				CLANG_WARN_DIRECT_OBJC_ISA_USAGE = YES_ERROR;
				CLANG_WARN_DOCUMENTATION_COMMENTS = YES;
				CLANG_WARN_EMPTY_BODY = YES;
				CLANG_WARN_ENUM_CONVERSION = YES;
				CLANG_WARN_INFINITE_RECURSION = YES;
				CLANG_WARN_INT_CONVERSION = YES;
				CLANG_WARN_NON_LITERAL_NULL_CONVERSION = YES;
				CLANG_WARN_OBJC_IMPLICIT_RETAIN_SELF = YES;
				CLANG_WARN_OBJC_LITERAL_CONVERSION = YES;
				CLANG_WARN_OBJC_ROOT_CLASS = YES_ERROR;
				CLANG_WARN_QUOTED_INCLUDE_IN_FRAMEWORK_HEADER = YES;
				CLANG_WARN_RANGE_LOOP_ANALYSIS = YES;
				CLANG_WARN_STRICT_PROTOTYPES = YES;
				CLANG_WARN_SUSPICIOUS_MOVE = YES;
				CLANG_WARN_UNGUARDED_AVAILABILITY = YES_AGGRESSIVE;
				CLANG_WARN_UNREACHABLE_CODE = YES;
				CLANG_WARN__DUPLICATE_METHOD_MATCH = YES;
				COPY_PHASE_STRIP = NO;
				DEAD_CODE_STRIPPING = YES;
				DEBUG_INFORMATION_FORMAT = dwarf;
				ENABLE_STRICT_OBJC_MSGSEND = YES;
				ENABLE_TESTABILITY = YES;
				ENABLE_USER_SCRIPT_SANDBOXING = YES;
				GCC_C_LANGUAGE_STANDARD = gnu11;
				GCC_DYNAMIC_NO_PIC = NO;
				GCC_NO_COMMON_BLOCKS = YES;
				GCC_OPTIMIZATION_LEVEL = 0;
				GCC_PREPROCESSOR_DEFINITIONS = (
					"DEBUG=1",
					"$(inherited)",
				);
				GCC_WARN_64_TO_32_BIT_CONVERSION = YES;
				GCC_WARN_ABOUT_RETURN_TYPE = YES_ERROR;
				GCC_WARN_UNDECLARED_SELECTOR = YES;
				GCC_WARN_UNINITIALIZED_AUTOS = YES_AGGRESSIVE;
				GCC_WARN_UNUSED_FUNCTION = YES;
				GCC_WARN_UNUSED_VARIABLE = YES;
				MACOSX_DEPLOYMENT_TARGET = 13.3;
				MTL_ENABLE_DEBUG_INFO = INCLUDE_SOURCE;
				MTL_FAST_MATH = YES;
				ONLY_ACTIVE_ARCH = YES;
				SDKROOT = macosx;
				SWIFT_ACTIVE_COMPILATION_CONDITIONS = DEBUG;
				SWIFT_OPTIMIZATION_LEVEL = "-Onone";
			};
			name = Debug;
		};
		7D0429182AAA1FB400C9048C /* Release */ = {
			isa = XCBuildConfiguration;
			buildSettings = {
				ALWAYS_SEARCH_USER_PATHS = NO;
				ASSETCATALOG_COMPILER_GENERATE_SWIFT_ASSET_SYMBOL_EXTENSIONS = YES;
				CLANG_ANALYZER_NONNULL = YES;
				CLANG_ANALYZER_NUMBER_OBJECT_CONVERSION = YES_AGGRESSIVE;
				CLANG_CXX_LANGUAGE_STANDARD = "gnu++20";
				CLANG_ENABLE_MODULES = YES;
				CLANG_ENABLE_OBJC_ARC = YES;
				CLANG_ENABLE_OBJC_WEAK = YES;
				CLANG_WARN_BLOCK_CAPTURE_AUTORELEASING = YES;
				CLANG_WARN_BOOL_CONVERSION = YES;
				CLANG_WARN_COMMA = YES;
				CLANG_WARN_CONSTANT_CONVERSION = YES;
				CLANG_WARN_DEPRECATED_OBJC_IMPLEMENTATIONS = YES;
				CLANG_WARN_DIRECT_OBJC_ISA_USAGE = YES_ERROR;
				CLANG_WARN_DOCUMENTATION_COMMENTS = YES;
				CLANG_WARN_EMPTY_BODY = YES;
				CLANG_WARN_ENUM_CONVERSION = YES;
				CLANG_WARN_INFINITE_RECURSION = YES;
				CLANG_WARN_INT_CONVERSION = YES;
				CLANG_WARN_NON_LITERAL_NULL_CONVERSION = YES;
				CLANG_WARN_OBJC_IMPLICIT_RETAIN_SELF = YES;
				CLANG_WARN_OBJC_LITERAL_CONVERSION = YES;
				CLANG_WARN_OBJC_ROOT_CLASS = YES_ERROR;
				CLANG_WARN_QUOTED_INCLUDE_IN_FRAMEWORK_HEADER = YES;
				CLANG_WARN_RANGE_LOOP_ANALYSIS = YES;
				CLANG_WARN_STRICT_PROTOTYPES = YES;
				CLANG_WARN_SUSPICIOUS_MOVE = YES;
				CLANG_WARN_UNGUARDED_AVAILABILITY = YES_AGGRESSIVE;
				CLANG_WARN_UNREACHABLE_CODE = YES;
				CLANG_WARN__DUPLICATE_METHOD_MATCH = YES;
				COPY_PHASE_STRIP = NO;
				DEAD_CODE_STRIPPING = YES;
				DEBUG_INFORMATION_FORMAT = "dwarf-with-dsym";
				ENABLE_NS_ASSERTIONS = NO;
				ENABLE_STRICT_OBJC_MSGSEND = YES;
				ENABLE_USER_SCRIPT_SANDBOXING = YES;
				GCC_C_LANGUAGE_STANDARD = gnu11;
				GCC_NO_COMMON_BLOCKS = YES;
				GCC_WARN_64_TO_32_BIT_CONVERSION = YES;
				GCC_WARN_ABOUT_RETURN_TYPE = YES_ERROR;
				GCC_WARN_UNDECLARED_SELECTOR = YES;
				GCC_WARN_UNINITIALIZED_AUTOS = YES_AGGRESSIVE;
				GCC_WARN_UNUSED_FUNCTION = YES;
				GCC_WARN_UNUSED_VARIABLE = YES;
				MACOSX_DEPLOYMENT_TARGET = 13.3;
				MTL_ENABLE_DEBUG_INFO = NO;
				MTL_FAST_MATH = YES;
				SDKROOT = macosx;
				SWIFT_COMPILATION_MODE = wholemodule;
				SWIFT_OPTIMIZATION_LEVEL = "-O";
			};
			name = Release;
		};
		7D04291A2AAA1FB400C9048C /* Debug */ = {
			isa = XCBuildConfiguration;
			buildSettings = {
				ASSETCATALOG_COMPILER_APPICON_NAME = AppIcon;
				ASSETCATALOG_COMPILER_GLOBAL_ACCENT_COLOR_NAME = AccentColor;
				CODE_SIGN_ENTITLEMENTS = Anywakey_MacOS/Anywakey_MacOS.entitlements;
				CODE_SIGN_STYLE = Automatic;
				COMBINE_HIDPI_IMAGES = YES;
				CURRENT_PROJECT_VERSION = 1;
				DEAD_CODE_STRIPPING = YES;
				DEVELOPMENT_ASSET_PATHS = "\"Anywakey_MacOS/Preview Content\"";
				DEVELOPMENT_TEAM = LMA5CPXKDX;
				ENABLE_HARDENED_RUNTIME = YES;
				ENABLE_PREVIEWS = YES;
				GENERATE_INFOPLIST_FILE = YES;
				INFOPLIST_KEY_CFBundleDisplayName = Anywakey;
				INFOPLIST_KEY_LSApplicationCategoryType = "public.app-category.utilities";
				INFOPLIST_KEY_NSHumanReadableCopyright = "";
				LD_RUNPATH_SEARCH_PATHS = (
					"$(inherited)",
					"@executable_path/../Frameworks",
				);
				MACOSX_DEPLOYMENT_TARGET = 14.0;
				MARKETING_VERSION = 1.0;
				PRODUCT_BUNDLE_IDENTIFIER = svarich.anywakey;
				PRODUCT_NAME = Anywakey;
				SWIFT_EMIT_LOC_STRINGS = YES;
				SWIFT_VERSION = 5.0;
			};
			name = Debug;
		};
		7D04291B2AAA1FB400C9048C /* Release */ = {
			isa = XCBuildConfiguration;
			buildSettings = {
				ASSETCATALOG_COMPILER_APPICON_NAME = AppIcon;
				ASSETCATALOG_COMPILER_GLOBAL_ACCENT_COLOR_NAME = AccentColor;
				CODE_SIGN_ENTITLEMENTS = Anywakey_MacOS/Anywakey_MacOS.entitlements;
				CODE_SIGN_STYLE = Automatic;
				COMBINE_HIDPI_IMAGES = YES;
				CURRENT_PROJECT_VERSION = 1;
				DEAD_CODE_STRIPPING = YES;
				DEVELOPMENT_ASSET_PATHS = "\"Anywakey_MacOS/Preview Content\"";
				DEVELOPMENT_TEAM = LMA5CPXKDX;
				ENABLE_HARDENED_RUNTIME = YES;
				ENABLE_PREVIEWS = YES;
				GENERATE_INFOPLIST_FILE = YES;
				INFOPLIST_KEY_CFBundleDisplayName = Anywakey;
				INFOPLIST_KEY_LSApplicationCategoryType = "public.app-category.utilities";
				INFOPLIST_KEY_NSHumanReadableCopyright = "";
				LD_RUNPATH_SEARCH_PATHS = (
					"$(inherited)",
					"@executable_path/../Frameworks",
				);
				MACOSX_DEPLOYMENT_TARGET = 14.0;
				MARKETING_VERSION = 1.0;
				PRODUCT_BUNDLE_IDENTIFIER = svarich.anywakey;
				PRODUCT_NAME = Anywakey;
				SWIFT_EMIT_LOC_STRINGS = YES;
				SWIFT_VERSION = 5.0;
			};
			name = Release;
		};
/* End XCBuildConfiguration section */

/* Begin XCConfigurationList section */
		7D0429052AAA1FB400C9048C /* Build configuration list for PBXProject "Anywakey_MacOS" */ = {
			isa = XCConfigurationList;
			buildConfigurations = (
				7D0429172AAA1FB400C9048C /* Debug */,
				7D0429182AAA1FB400C9048C /* Release */,
			);
			defaultConfigurationIsVisible = 0;
			defaultConfigurationName = Release;
		};
		7D0429192AAA1FB400C9048C /* Build configuration list for PBXNativeTarget "Anywakey_MacOS" */ = {
			isa = XCConfigurationList;
			buildConfigurations = (
				7D04291A2AAA1FB400C9048C /* Debug */,
				7D04291B2AAA1FB400C9048C /* Release */,
			);
			defaultConfigurationIsVisible = 0;
			defaultConfigurationName = Release;
		};
/* End XCConfigurationList section */
	};
	rootObject = 7D0429022AAA1FB300C9048C /* Project object */;
}
