// !$*UTF8*$!
{
	archiveVersion = 1;
	classes = {
	};
	objectVersion = 56;
	objects = {

/* Begin PBXBuildFile section */
		7D04290E2AAA1FB400C9048C /* Anywakey_App.swift in Sources */ = {isa = PBXBuildFile; fileRef = 7D04290D2AAA1FB400C9048C /* Anywakey_App.swift */; };
		7D0429152AAA1FB400C9048C /* Preview Assets.xcassets in Resources */ = {isa = PBXBuildFile; fileRef = 7D0429142AAA1FB400C9048C /* Preview Assets.xcassets */; };
		7D04291D2AAA212800C9048C /* HomeView.swift in Sources */ = {isa = PBXBuildFile; fileRef = 7D04291C2AAA212800C9048C /* HomeView.swift */; };
		7D04291F2AAA214900C9048C /* ButtonPressModifier.swift in Sources */ = {isa = PBXBuildFile; fileRef = 7D04291E2AAA214900C9048C /* ButtonPressModifier.swift */; };
		7D0429212AAA219B00C9048C /* WakeUpButton.swift in Sources */ = {isa = PBXBuildFile; fileRef = 7D0429202AAA219B00C9048C /* WakeUpButton.swift */; };
		7D0429232AAA21AF00C9048C /* Computer.swift in Sources */ = {isa = PBXBuildFile; fileRef = 7D0429222AAA21AF00C9048C /* Computer.swift */; };
		7D0429252AAA21E100C9048C /* WakeUp.swift in Sources */ = {isa = PBXBuildFile; fileRef = 7D0429242AAA21E100C9048C /* WakeUp.swift */; };
		7D25E1362ACAF7AE0024D971 /* AddDeviceView.swift in Sources */ = {isa = PBXBuildFile; fileRef = 7D25E1352ACAF7AE0024D971 /* AddDeviceView.swift */; };
		7D2FFC672AAD0A6900FFF97E /* Assets.xcassets in Resources */ = {isa = PBXBuildFile; fileRef = 7D2FFC662AAD0A6900FFF97E /* Assets.xcassets */; };
		7D2FFC6B2AAD2CCC00FFF97E /* Extension + View.swift in Sources */ = {isa = PBXBuildFile; fileRef = 7D2FFC6A2AAD2CCC00FFF97E /* Extension + View.swift */; };
		7D2FFC6D2AAD2D0D00FFF97E /* Extension + Scene.swift in Sources */ = {isa = PBXBuildFile; fileRef = 7D2FFC6C2AAD2D0D00FFF97E /* Extension + Scene.swift */; };
		7D41E9EF2AB31927001357CE /* Ping.swift in Sources */ = {isa = PBXBuildFile; fileRef = 7D41E9EE2AB31927001357CE /* Ping.swift */; };
		7D8B56EE2AAAA7980098467F /* BlurredEffect.swift in Sources */ = {isa = PBXBuildFile; fileRef = 7D8B56ED2AAAA7980098467F /* BlurredEffect.swift */; };
		7DC26D712AE6EB6E00B52D02 /* DeviceList.swift in Sources */ = {isa = PBXBuildFile; fileRef = 7DC26D702AE6EB6E00B52D02 /* DeviceList.swift */; };
/* End PBXBuildFile section */

/* Begin PBXFileReference section */
		7D04290A2AAA1FB400C9048C /* Anywakey_MacOS.app */ = {isa = PBXFileReference; explicitFileType = wrapper.application; includeInIndex = 0; path = Anywakey_MacOS.app; sourceTree = BUILT_PRODUCTS_DIR; };
		7D04290D2AAA1FB400C9048C /* Anywakey_App.swift */ = {isa = PBXFileReference; lastKnownFileType = sourcecode.swift; path = Anywakey_App.swift; sourceTree = "<group>"; };
		7D0429142AAA1FB400C9048C /* Preview Assets.xcassets */ = {isa = PBXFileReference; lastKnownFileType = folder.assetcatalog; path = "Preview Assets.xcassets"; sourceTree = "<group>"; };
		7D0429162AAA1FB400C9048C /* Anywakey_MacOS.entitlements */ = {isa = PBXFileReference; lastKnownFileType = text.plist.entitlements; path = Anywakey_MacOS.entitlements; sourceTree = "<group>"; };
		7D04291C2AAA212800C9048C /* HomeView.swift */ = {isa = PBXFileReference; lastKnownFileType = sourcecode.swift; path = HomeView.swift; sourceTree = "<group>"; };
		7D04291E2AAA214900C9048C /* ButtonPressModifier.swift */ = {isa = PBXFileReference; lastKnownFileType = sourcecode.swift; path = ButtonPressModifier.swift; sourceTree = "<group>"; };
		7D0429202AAA219B00C9048C /* WakeUpButton.swift */ = {isa = PBXFileReference; lastKnownFileType = sourcecode.swift; path = WakeUpButton.swift; sourceTree = "<group>"; };
		7D0429222AAA21AF00C9048C /* Computer.swift */ = {isa = PBXFileReference; lastKnownFileType = sourcecode.swift; path = Computer.swift; sourceTree = "<group>"; };
		7D0429242AAA21E100C9048C /* WakeUp.swift */ = {isa = PBXFileReference; lastKnownFileType = sourcecode.swift; path = WakeUp.swift; sourceTree = "<group>"; };
		7D25E1352ACAF7AE0024D971 /* AddDeviceView.swift */ = {isa = PBXFileReference; lastKnownFileType = sourcecode.swift; path = AddDeviceView.swift; sourceTree = "<group>"; };
		7D2FFC662AAD0A6900FFF97E /* Assets.xcassets */ = {isa = PBXFileReference; lastKnownFileType = folder.assetcatalog; path = Assets.xcassets; sourceTree = "<group>"; };
		7D2FFC6A2AAD2CCC00FFF97E /* Extension + View.swift */ = {isa = PBXFileReference; lastKnownFileType = sourcecode.swift; path = "Extension + View.swift"; sourceTree = "<group>"; };
		7D2FFC6C2AAD2D0D00FFF97E /* Extension + Scene.swift */ = {isa = PBXFileReference; lastKnownFileType = sourcecode.swift; path = "Extension + Scene.swift"; sourceTree = "<group>"; };
		7D41E9EE2AB31927001357CE /* Ping.swift */ = {isa = PBXFileReference; lastKnownFileType = sourcecode.swift; path = Ping.swift; sourceTree = "<group>"; };
		7D8B56ED2AAAA7980098467F /* BlurredEffect.swift */ = {isa = PBXFileReference; lastKnownFileType = sourcecode.swift; path = BlurredEffect.swift; sourceTree = "<group>"; };
		7DC26D702AE6EB6E00B52D02 /* DeviceList.swift */ = {isa = PBXFileReference; lastKnownFileType = sourcecode.swift; path = DeviceList.swift; sourceTree = "<group>"; };
/* End PBXFileReference section */

/* Begin PBXFrameworksBuildPhase section */
		7D0429072AAA1FB400C9048C /* Frameworks */ = {
			isa = PBXFrameworksBuildPhase;
			buildActionMask = 2147483647;
			files = (
			);
			runOnlyForDeploymentPostprocessing = 0;
		};
/* End PBXFrameworksBuildPhase section */

/* Begin PBXGroup section */
		7D0429012AAA1FB300C9048C = {
			isa = PBXGroup;
			children = (
				7D04290C2AAA1FB400C9048C /* Anywakey_MacOS */,
				7D04290B2AAA1FB400C9048C /* Products */,
			);
			sourceTree = "<group>";
		};
		7D04290B2AAA1FB400C9048C /* Products */ = {
			isa = PBXGroup;
			children = (
				7D04290A2AAA1FB400C9048C /* Anywakey_MacOS.app */,
			);
			name = Products;
			sourceTree = "<group>";
		};
		7D04290C2AAA1FB400C9048C /* Anywakey_MacOS */ = {
			isa = PBXGroup;
			children = (
				7D04290D2AAA1FB400C9048C /* Anywakey_App.swift */,
				7D04291C2AAA212800C9048C /* HomeView.swift */,
				7D0429222AAA21AF00C9048C /* Computer.swift */,
				7D0429242AAA21E100C9048C /* WakeUp.swift */,
				7D41E9EE2AB31927001357CE /* Ping.swift */,
				7D2FFC992AAFD0E800FFF97E /* Custom Views */,
				7D2FFC6E2AAD2E1800FFF97E /* Extensions */,
				7D0429162AAA1FB400C9048C /* Anywakey_MacOS.entitlements */,
				7D2FFC662AAD0A6900FFF97E /* Assets.xcassets */,
				7D0429132AAA1FB400C9048C /* Preview Content */,
			);
			path = Anywakey_MacOS;
			sourceTree = "<group>";
		};
		7D0429132AAA1FB400C9048C /* Preview Content */ = {
			isa = PBXGroup;
			children = (
				7D0429142AAA1FB400C9048C /* Preview Assets.xcassets */,
			);
			path = "Preview Content";
			sourceTree = "<group>";
		};
		7D2FFC6E2AAD2E1800FFF97E /* Extensions */ = {
			isa = PBXGroup;
			children = (
				7D2FFC6A2AAD2CCC00FFF97E /* Extension + View.swift */,
				7D2FFC6C2AAD2D0D00FFF97E /* Extension + Scene.swift */,
			);
			path = Extensions;
			sourceTree = "<group>";
		};
		7D2FFC992AAFD0E800FFF97E /* Custom Views */ = {
			isa = PBXGroup;
			children = (
				7D25E1352ACAF7AE0024D971 /* AddDeviceView.swift */,
				7DC26D702AE6EB6E00B52D02 /* DeviceList.swift */,
				7D8B56ED2AAAA7980098467F /* BlurredEffect.swift */,
				7D04291E2AAA214900C9048C /* ButtonPressModifier.swift */,
				7D0429202AAA219B00C9048C /* WakeUpButton.swift */,
			);
			path = "Custom Views";
			sourceTree = "<group>";
		};
/* End PBXGroup section */

/* Begin PBXNativeTarget section */
		7D0429092AAA1FB400C9048C /* Anywakey_MacOS */ = {
			isa = PBXNativeTarget;
			buildConfigurationList = 7D0429192AAA1FB400C9048C /* Build configuration list for PBXNativeTarget "Anywakey_MacOS" */;
			buildPhases = (
				7D0429062AAA1FB400C9048C /* Sources */,
				7D0429072AAA1FB400C9048C /* Frameworks */,
				7D0429082AAA1FB400C9048C /* Resources */,
			);
			buildRules = (
			);
			dependencies = (
			);
			name = Anywakey_MacOS;
			packageProductDependencies = (
			);
			productName = LANWakeUp;
			productReference = 7D04290A2AAA1FB400C9048C /* Anywakey_MacOS.app */;
			productType = "com.apple.product-type.application";
		};
/* End PBXNativeTarget section */

/* Begin PBXProject section */
		7D0429022AAA1FB300C9048C /* Project object */ = {
			isa = PBXProject;
			attributes = {
				BuildIndependentTargetsInParallel = 1;
				LastSwiftUpdateCheck = 1430;
				LastUpgradeCheck = 1540;
				TargetAttributes = {
					7D0429092AAA1FB400C9048C = {
						CreatedOnToolsVersion = 14.3.1;
					};
				};
			};
			buildConfigurationList = 7D0429052AAA1FB400C9048C /* Build configuration list for PBXProject "Anywakey_MacOS" */;
			compatibilityVersion = "Xcode 14.0";
			developmentRegion = en;
			hasScannedForEncodings = 0;
			knownRegions = (
				en,
				Base,
			);
			mainGroup = 7D0429012AAA1FB300C9048C;
			packageReferences = (
			);
			productRefGroup = 7D04290B2AAA1FB400C9048C /* Products */;
			projectDirPath = "";
			projectRoot = "";
			targets = (
				7D0429092AAA1FB400C9048C /* Anywakey_MacOS */,
			);
		};
/* End PBXProject section */

/* Begin PBXResourcesBuildPhase section */
		7D0429082AAA1FB400C9048C /* Resources */ = {
			isa = PBXResourcesBuildPhase;
			buildActionMask = 2147483647;
			files = (
				7D2FFC672AAD0A6900FFF97E /* Assets.xcassets in Resources */,
				7D0429152AAA1FB400C9048C /* Preview Assets.xcassets in Resources */,
			);
			runOnlyForDeploymentPostprocessing = 0;
		};
/* End PBXResourcesBuildPhase section */

/* Begin PBXSourcesBuildPhase section */
		7D0429062AAA1FB400C9048C /* Sources */ = {
			isa = PBXSourcesBuildPhase;
			buildActionMask = 2147483647;
			files = (
				7D04290E2AAA1FB400C9048C /* Anywakey_App.swift in Sources */,
				7D2FFC6D2AAD2D0D00FFF97E /* Extension + Scene.swift in Sources */,
				7D04291D2AAA212800C9048C /* HomeView.swift in Sources */,
				7DC26D712AE6EB6E00B52D02 /* DeviceList.swift in Sources */,
				7D25E1362ACAF7AE0024D971 /* AddDeviceView.swift in Sources */,
				7D0429232AAA21AF00C9048C /* Computer.swift in Sources */,
				7D41E9EF2AB31927001357CE /* Ping.swift in Sources */,
				7D8B56EE2AAAA7980098467F /* BlurredEffect.swift in Sources */,
				7D0429212AAA219B00C9048C /* WakeUpButton.swift in Sources */,
				7D0429252AAA21E100C9048C /* WakeUp.swift in Sources */,
				7D04291F2AAA214900C9048C /* ButtonPressModifier.swift in Sources */,
				7D2FFC6B2AAD2CCC00FFF97E /* Extension + View.swift in Sources */,
			);
			runOnlyForDeploymentPostprocessing = 0;
		};
/* End PBXSourcesBuildPhase section */

/* Begin XCBuildConfiguration section */
		7D0429172AAA1FB400C9048C /* Debug */ = {
			isa = XCBuildConfiguration;
			buildSettings = {
				ALWAYS_SEARCH_USER_PATHS = NO;
				ASSETCATALOG_COMPILER_GENERATE_SWIFT_ASSET_SYMBOL_EXTENSIONS = YES;
				CLANG_ANALYZER_NONNULL = YES;
				CLANG_ANALYZER_NUMBER_OBJECT_CONVERSION = YES_AGGRESSIVE;
				CLANG_CXX_LANGUAGE_STANDARD = "gnu++20";
				CLANG_ENABLE_MODULES = YES;
				CLANG_ENABLE_OBJC_ARC = YES;
				CLANG_ENABLE_OBJC_WEAK = YES;
				CLANG_WARN_BLOCK_CAPTURE_AUTORELEASING = YES;
				CLANG_WARN_BOOL_CONVERSION = YES;
				CLANG_WARN_COMMA = YES;
				CLANG_WARN_CONSTANT_CONVERSION = YES;
				CLANG_WARN_DEPRECATED_OBJC_IMPLEMENTATIONS = YES;
				CLANG_WARN_DIRECT_OBJC_ISA_USAGE = YES_ERROR;
				CLANG_WARN_DOCUMENTATION_COMMENTS = YES;
				CLANG_WARN_EMPTY_BODY = YES;
				CLANG_WARN_ENUM_CONVERSION = YES;
				CLANG_WARN_INFINITE_RECURSION = YES;
				CLANG_WARN_INT_CONVERSION = YES;
				CLANG_WARN_NON_LITERAL_NULL_CONVERSION = YES;
				CLANG_WARN_OBJC_IMPLICIT_RETAIN_SELF = YES;
				CLANG_WARN_OBJC_LITERAL_CONVERSION = YES;
				CLANG_WARN_OBJC_ROOT_CLASS = YES_ERROR;
				CLANG_WARN_QUOTED_INCLUDE_IN_FRAMEWORK_HEADER = YES;
				CLANG_WARN_RANGE_LOOP_ANALYSIS = YES;
				CLANG_WARN_STRICT_PROTOTYPES = YES;
				CLANG_WARN_SUSPICIOUS_MOVE = YES;
				CLANG_WARN_UNGUARDED_AVAILABILITY = YES_AGGRESSIVE;
				CLANG_WARN_UNREACHABLE_CODE = YES;
				CLANG_WARN__DUPLICATE_METHOD_MATCH = YES;
				COPY_PHASE_STRIP = NO;
				DEAD_CODE_STRIPPING = YES;
				DEBUG_INFORMATION_FORMAT = dwarf;
				ENABLE_STRICT_OBJC_MSGSEND = YES;
				ENABLE_TESTABILITY = YES;
				ENABLE_USER_SCRIPT_SANDBOXING = YES;
				GCC_C_LANGUAGE_STANDARD = gnu11;
				GCC_DYNAMIC_NO_PIC = NO;
				GCC_NO_COMMON_BLOCKS = YES;
				GCC_OPTIMIZATION_LEVEL = 0;
				GCC_PREPROCESSOR_DEFINITIONS = (
					"DEBUG=1",
					"$(inherited)",
				);
				GCC_WARN_64_TO_32_BIT_CONVERSION = YES;
				GCC_WARN_ABOUT_RETURN_TYPE = YES_ERROR;
				GCC_WARN_UNDECLARED_SELECTOR = YES;
				GCC_WARN_UNINITIALIZED_AUTOS = YES_AGGRESSIVE;
				GCC_WARN_UNUSED_FUNCTION = YES;
				GCC_WARN_UNUSED_VARIABLE = YES;
				MACOSX_DEPLOYMENT_TARGET = 13.3;
				MTL_ENABLE_DEBUG_INFO = INCLUDE_SOURCE;
				MTL_FAST_MATH = YES;
				ONLY_ACTIVE_ARCH = YES;
				SDKROOT = macosx;
				SWIFT_ACTIVE_COMPILATION_CONDITIONS = DEBUG;
				SWIFT_OPTIMIZATION_LEVEL = "-Onone";
			};
			name = Debug;
		};
		7D0429182AAA1FB400C9048C /* Release */ = {
			isa = XCBuildConfiguration;
			buildSettings = {
				ALWAYS_SEARCH_USER_PATHS = NO;
				ASSETCATALOG_COMPILER_GENERATE_SWIFT_ASSET_SYMBOL_EXTENSIONS = YES;
				CLANG_ANALYZER_NONNULL = YES;
				CLANG_ANALYZER_NUMBER_OBJECT_CONVERSION = YES_AGGRESSIVE;
				CLANG_CXX_LANGUAGE_STANDARD = "gnu++20";
				CLANG_ENABLE_MODULES = YES;
				CLANG_ENABLE_OBJC_ARC = YES;
				CLANG_ENABLE_OBJC_WEAK = YES;
				CLANG_WARN_BLOCK_CAPTURE_AUTORELEASING = YES;
				CLANG_WARN_BOOL_CONVERSION = YES;
				CLANG_WARN_COMMA = YES;
				CLANG_WARN_CONSTANT_CONVERSION = YES;
				CLANG_WARN_DEPRECATED_OBJC_IMPLEMENTATIONS = YES;
				CLANG_WARN_DIRECT_OBJC_ISA_USAGE = YES_ERROR;
				CLANG_WARN_DOCUMENTATION_COMMENTS = YES;
				CLANG_WARN_EMPTY_BODY = YES;
				CLANG_WARN_ENUM_CONVERSION = YES;
				CLANG_WARN_INFINITE_RECURSION = YES;
				CLANG_WARN_INT_CONVERSION = YES;
				CLANG_WARN_NON_LITERAL_NULL_CONVERSION = YES;
				CLANG_WARN_OBJC_IMPLICIT_RETAIN_SELF = YES;
				CLANG_WARN_OBJC_LITERAL_CONVERSION = YES;
				CLANG_WARN_OBJC_ROOT_CLASS = YES_ERROR;
				CLANG_WARN_QUOTED_INCLUDE_IN_FRAMEWORK_HEADER = YES;
				CLANG_WARN_RANGE_LOOP_ANALYSIS = YES;
				CLANG_WARN_STRICT_PROTOTYPES = YES;
				CLANG_WARN_SUSPICIOUS_MOVE = YES;
				CLANG_WARN_UNGUARDED_AVAILABILITY = YES_AGGRESSIVE;
				CLANG_WARN_UNREACHABLE_CODE = YES;
				CLANG_WARN__DUPLICATE_METHOD_MATCH = YES;
				COPY_PHASE_STRIP = NO;
				DEAD_CODE_STRIPPING = YES;
				DEBUG_INFORMATION_FORMAT = "dwarf-with-dsym";
				ENABLE_NS_ASSERTIONS = NO;
				ENABLE_STRICT_OBJC_MSGSEND = YES;
				ENABLE_USER_SCRIPT_SANDBOXING = YES;
				GCC_C_LANGUAGE_STANDARD = gnu11;
				GCC_NO_COMMON_BLOCKS = YES;
				GCC_WARN_64_TO_32_BIT_CONVERSION = YES;
				GCC_WARN_ABOUT_RETURN_TYPE = YES_ERROR;
				GCC_WARN_UNDECLARED_SELECTOR = YES;
				GCC_WARN_UNINITIALIZED_AUTOS = YES_AGGRESSIVE;
				GCC_WARN_UNUSED_FUNCTION = YES;
				GCC_WARN_UNUSED_VARIABLE = YES;
				MACOSX_DEPLOYMENT_TARGET = 13.3;
				MTL_ENABLE_DEBUG_INFO = NO;
				MTL_FAST_MATH = YES;
				SDKROOT = macosx;
				SWIFT_COMPILATION_MODE = wholemodule;
				SWIFT_OPTIMIZATION_LEVEL = "-O";
			};
			name = Release;
		};
		7D04291A2AAA1FB400C9048C /* Debug */ = {
			isa = XCBuildConfiguration;
			buildSettings = {
				ASSETCATALOG_COMPILER_APPICON_NAME = AppIcon;
				ASSETCATALOG_COMPILER_GLOBAL_ACCENT_COLOR_NAME = AccentColor;
				CODE_SIGN_ENTITLEMENTS = Anywakey_MacOS/Anywakey_MacOS.entitlements;
				CODE_SIGN_STYLE = Automatic;
				COMBINE_HIDPI_IMAGES = YES;
				DEAD_CODE_STRIPPING = YES;
				DEVELOPMENT_ASSET_PATHS = "\"Anywakey_MacOS/Preview Content\"";
				DEVELOPMENT_TEAM = LMA5CPXKDX;
				ENABLE_HARDENED_RUNTIME = YES;
				ENABLE_PREVIEWS = YES;
				GENERATE_INFOPLIST_FILE = YES;
				INFOPLIST_KEY_CFBundleDisplayName = Anywakey;
				INFOPLIST_KEY_LSApplicationCategoryType = "public.app-category.utilities";
				INFOPLIST_KEY_NSHumanReadableCopyright = "";
				LD_RUNPATH_SEARCH_PATHS = (
					"$(inherited)",
					"@executable_path/../Frameworks",
				);
				MACOSX_DEPLOYMENT_TARGET = 12.0;
				MARKETING_VERSION = 0.74;
				PRODUCT_BUNDLE_IDENTIFIER = svarich.anywakeymacos;
				PRODUCT_NAME = "$(TARGET_NAME)";
				SWIFT_EMIT_LOC_STRINGS = YES;
				SWIFT_VERSION = 5.0;
			};
			name = Debug;
		};
		7D04291B2AAA1FB400C9048C /* Release */ = {
			isa = XCBuildConfiguration;
			buildSettings = {
				ASSETCATALOG_COMPILER_APPICON_NAME = AppIcon;
				ASSETCATALOG_COMPILER_GLOBAL_ACCENT_COLOR_NAME = AccentColor;
				CODE_SIGN_ENTITLEMENTS = Anywakey_MacOS/Anywakey_MacOS.entitlements;
				CODE_SIGN_STYLE = Automatic;
				COMBINE_HIDPI_IMAGES = YES;
				DEAD_CODE_STRIPPING = YES;
				DEVELOPMENT_ASSET_PATHS = "\"Anywakey_MacOS/Preview Content\"";
				DEVELOPMENT_TEAM = LMA5CPXKDX;
				ENABLE_HARDENED_RUNTIME = YES;
				ENABLE_PREVIEWS = YES;
				GENERATE_INFOPLIST_FILE = YES;
				INFOPLIST_KEY_CFBundleDisplayName = Anywakey;
				INFOPLIST_KEY_LSApplicationCategoryType = "public.app-category.utilities";
				INFOPLIST_KEY_NSHumanReadableCopyright = "";
				LD_RUNPATH_SEARCH_PATHS = (
					"$(inherited)",
					"@executable_path/../Frameworks",
				);
				MACOSX_DEPLOYMENT_TARGET = 12.0;
				MARKETING_VERSION = 0.74;
				PRODUCT_BUNDLE_IDENTIFIER = svarich.anywakeymacos;
				PRODUCT_NAME = "$(TARGET_NAME)";
				SWIFT_EMIT_LOC_STRINGS = YES;
				SWIFT_VERSION = 5.0;
			};
			name = Release;
		};
/* End XCBuildConfiguration section */

/* Begin XCConfigurationList section */
		7D0429052AAA1FB400C9048C /* Build configuration list for PBXProject "Anywakey_MacOS" */ = {
			isa = XCConfigurationList;
			buildConfigurations = (
				7D0429172AAA1FB400C9048C /* Debug */,
				7D0429182AAA1FB400C9048C /* Release */,
			);
			defaultConfigurationIsVisible = 0;
			defaultConfigurationName = Release;
		};
		7D0429192AAA1FB400C9048C /* Build configuration list for PBXNativeTarget "Anywakey_MacOS" */ = {
			isa = XCConfigurationList;
			buildConfigurations = (
				7D04291A2AAA1FB400C9048C /* Debug */,
				7D04291B2AAA1FB400C9048C /* Release */,
			);
			defaultConfigurationIsVisible = 0;
			defaultConfigurationName = Release;
		};
/* End XCConfigurationList section */
	};
	rootObject = 7D0429022AAA1FB300C9048C /* Project object */;
}
